PODS:
  - KochavaCoreiOS (5.1.1)
  - KochavaUIiOS (5.1.1):
    - KochavaCoreiOS (~> 5.1.1)

DEPENDENCIES:
  - KochavaUIiOS (from `../`)

SPEC REPOS:
  trunk:
    - KochavaCoreiOS

EXTERNAL SOURCES:
  KochavaUIiOS:
    :path: "../"

SPEC CHECKSUMS:
  KochavaCoreiOS: 4b5aa4bd75c94dbbd22b23524efad8f7eeee8306
  KochavaUIiOS: 7b00d5d5332d07676747e598e75af335207c40da

PODFILE CHECKSUM: df3df9ba89bd56d1403934e9f8990d93658e4e59

COCOAPODS: 1.10.1
