PODS:
  - KochavaCoreiOS (5.1.0)
  - KochavaUIiOS (5.1.0):
    - KochavaCoreiOS (~> 5.1.0)

DEPENDENCIES:
  - KochavaUIiOS (from `../`)

SPEC REPOS:
  trunk:
    - KochavaCoreiOS

EXTERNAL SOURCES:
  KochavaUIiOS:
    :path: "../"

SPEC CHECKSUMS:
  KochavaCoreiOS: 73320147501bf1c00ff88e8c18a3ad4b0587ca24
  KochavaUIiOS: 4ef6e4fd466049de21297fddbe9b1b6684705cf8

PODFILE CHECKSUM: df3df9ba89bd56d1403934e9f8990d93658e4e59

COCOAPODS: 1.10.1
