PODS:
  - KochavaCoreiOS (4.4.0)
  - KochavaUIiOS (4.4.0):
    - KochavaCoreiOS (~> 4.4.0)

DEPENDENCIES:
  - KochavaUIiOS (from `../`)

SPEC REPOS:
  trunk:
    - KochavaCoreiOS

EXTERNAL SOURCES:
  KochavaUIiOS:
    :path: "../"

SPEC CHECKSUMS:
  KochavaCoreiOS: fe632a9316959aa0f5efb1f428037028db941e23
  KochavaUIiOS: c6feca29b72ec349270ca597255424785bcc03bc

PODFILE CHECKSUM: df3df9ba89bd56d1403934e9f8990d93658e4e59

COCOAPODS: 1.10.1
